{
	"name": "ElevateMobile",
	"version": "0.1.0",
	"lockfileVersion": 1,
	"requires": true,
	"dependencies": {
		"js-tokens": {
			"version": "3.0.2",
			"resolved": "https://registry.npmjs.org/js-tokens/-/js-tokens-3.0.2.tgz",
			"integrity": "sha1-mGbfOVECEw449/mWvOtlRDIJwls=",
			"dev": true
		},
		"json-stringify-safe": {
			"version": "5.0.1",
			"resolved": "https://registry.npmjs.org/json-stringify-safe/-/json-stringify-safe-5.0.1.tgz",
			"integrity": "sha1-Epai1Y/UXxmg9s4B1lcB4sc1tus=",
			"dev": true
		},
		"lodash": {
			"version": "4.17.4",
			"resolved": "https://registry.npmjs.org/lodash/-/lodash-4.17.4.tgz",
			"integrity": "sha1-eCA6TRwyiuHYbcpkYONptX9AVa4=",
			"dev": true
		},
		"lodash-es": {
			"version": "4.17.4",
			"resolved": "https://registry.npmjs.org/lodash-es/-/lodash-es-4.17.4.tgz",
			"integrity": "sha1-3MHXVS4VCgZABzupyzHXDwMpUOc=",
			"dev": true
		},
		"loose-envify": {
			"version": "1.3.1",
			"resolved": "https://registry.npmjs.org/loose-envify/-/loose-envify-1.3.1.tgz",
			"integrity": "sha1-0aitM/qc4OcT1l/dCsi3SNR4yEg=",
			"dev": true,
			"requires": {
				"js-tokens": "3.0.2"
			}
		},
		"ramda": {
			"version": "0.24.1",
			"resolved": "https://registry.npmjs.org/ramda/-/ramda-0.24.1.tgz",
			"integrity": "sha1-w7d1UZfzW43DUCIoJixMkd22uFc=",
			"dev": true
		},
		"ramdasauce": {
			"version": "2.1.0",
			"resolved": "https://registry.npmjs.org/ramdasauce/-/ramdasauce-2.1.0.tgz",
			"integrity": "sha512-BdHm//tlCCmeXxY5EvIvlczuWvZU5QcRybdxZ4mkDOIasWzbBs+bjt3iEVsThKCMWLIiFZpggtQmIyjtL7eOvA==",
			"dev": true,
			"requires": {
				"ramda": "0.24.1"
			}
		},
		"reactotron-core-client": {
			"version": "1.12.2",
			"resolved": "https://registry.npmjs.org/reactotron-core-client/-/reactotron-core-client-1.12.2.tgz",
			"integrity": "sha512-WjeEnRt0UPhMK6zyw7P6WkGZ04ECFG1qNV1amax6RpKK1W6wINwmvFtiwqs3e3CJ2jZiMzOG/CkJFFlwX6XZpQ==",
			"dev": true,
			"requires": {
				"json-stringify-safe": "5.0.1",
				"ramda": "0.24.1",
				"ramdasauce": "2.1.0"
			}
		},
		"reactotron-redux": {
			"version": "1.12.2",
			"resolved": "https://registry.npmjs.org/reactotron-redux/-/reactotron-redux-1.12.2.tgz",
			"integrity": "sha512-Y/W6puvBzayuvtEc7oaF53e5EcgcEaHaQNmoL9nmxOM8jPXb1yw0bny9/cfaFgUTVfVLNMb7M2xHUoBOi+OiSQ==",
			"dev": true,
			"requires": {
				"ramda": "0.24.1",
				"ramdasauce": "2.1.0",
				"reactotron-core-client": "1.12.2",
				"redux": "3.7.2"
			},
			"dependencies": {
				"redux": {
					"version": "3.7.2",
					"resolved": "https://registry.npmjs.org/redux/-/redux-3.7.2.tgz",
					"integrity": "sha512-pNqnf9q1hI5HHZRBkj3bAngGZW/JMCmexDlOxw4XagXY2o1327nHH54LoTjiPJ0gizoqPDRqWyX/00g0hD6w+A==",
					"dev": true,
					"requires": {
						"lodash": "4.17.4",
						"lodash-es": "4.17.4",
						"loose-envify": "1.3.1",
						"symbol-observable": "1.0.4"
					}
				}
			}
		},
		"symbol-observable": {
			"version": "1.0.4",
			"resolved": "https://registry.npmjs.org/symbol-observable/-/symbol-observable-1.0.4.tgz",
			"integrity": "sha1-Kb9hXUqnEhvdiYsi1LP5vE4qoD0=",
			"dev": true
		}
	}
}
